
Microsoft Visual Studio Solution File, Format Version 12.00
# Visual Studio 15
VisualStudioVersion = 15.0.26730.16
MinimumVisualStudioVersion = 10.0.40219.1
Project("{FAE04EC0-301F-11D3-BF4B-00C04F79EFBC}") = "ArrayvsArraylist", "ArrayvsArraylist\ArrayvsArraylist.csproj", "{62175CFA-8825-47FC-B976-0852DD277AB0}"
EndProject
Global
	GlobalSection(SolutionConfigurationPlatforms) = preSolution
		Debug|Any CPU = Debug|Any CPU
		Release|Any CPU = Release|Any CPU
	EndGlobalSection
	GlobalSection(ProjectConfigurationPlatforms) = postSolution
		{62175CFA-8825-47FC-B976-0852DD277AB0}.Debug|Any CPU.ActiveCfg = Debug|Any CPU
		{62175CFA-8825-47FC-B976-0852DD277AB0}.Debug|Any CPU.Build.0 = Debug|Any CPU
		{62175CFA-8825-47FC-B976-0852DD277AB0}.Release|Any CPU.ActiveCfg = Release|Any CPU
		{62175CFA-8825-47FC-B976-0852DD277AB0}.Release|Any CPU.Build.0 = Release|Any CPU
	EndGlobalSection
	GlobalSection(SolutionProperties) = preSolution
		HideSolutionNode = FALSE
	EndGlobalSection
	GlobalSection(ExtensibilityGlobals) = postSolution
		SolutionGuid = {C8B0425A-CC4A-4A9B-B386-155C15C13A93}
	EndGlobalSection
EndGlobal
